{
  "name": "robot",
  "version": "1.0.0",
  "lockfileVersion": 2,
  "requires": true,
  "packages": {
    "": {
      "version": "1.0.0",
      "license": "ISC",
      "dependencies": {
        "konva": "^8.3.12"
      }
    },
    "node_modules/konva": {
      "version": "8.3.12",
      "resolved": "https://registry.npmjs.org/konva/-/konva-8.3.12.tgz",
      "integrity": "sha512-+tZQOMqEg1EVvsHoRGiC4iImAX8mfNk1mEOyu+Ox8iLpj7oOsjAKw0Kd6Om0EAQnxhcSnwW3ltxfhAUfO0ejtQ==",
      "funding": [
        {
          "type": "patreon",
          "url": "https://www.patreon.com/lavrton"
        },
        {
          "type": "opencollective",
          "url": "https://opencollective.com/konva"
        },
        {
          "type": "github",
          "url": "https://github.com/sponsors/lavrton"
        }
      ]
    }
  },
  "dependencies": {
    "konva": {
      "version": "8.3.12",
      "resolved": "https://registry.npmjs.org/konva/-/konva-8.3.12.tgz",
      "integrity": "sha512-+tZQOMqEg1EVvsHoRGiC4iImAX8mfNk1mEOyu+Ox8iLpj7oOsjAKw0Kd6Om0EAQnxhcSnwW3ltxfhAUfO0ejtQ=="
    }
  }
}
